
Microsoft Visual Studio Solution File, Format Version 12.00
# Visual Studio Version 16
VisualStudioVersion = 16.0.29123.88
MinimumVisualStudioVersion = 10.0.40219.1
Project("{FAE04EC0-301F-11D3-BF4B-00C04F79EFBC}") = "Compare2List", "Compare2List\Compare2List.csproj", "{2656EA81-53BD-4D1A-93FD-9A6EF3A69ECE}"
EndProject
Global
	GlobalSection(SolutionConfigurationPlatforms) = preSolution
		Debug|Any CPU = Debug|Any CPU
		Release|Any CPU = Release|Any CPU
	EndGlobalSection
	GlobalSection(ProjectConfigurationPlatforms) = postSolution
		{2656EA81-53BD-4D1A-93FD-9A6EF3A69ECE}.Debug|Any CPU.ActiveCfg = Debug|Any CPU
		{2656EA81-53BD-4D1A-93FD-9A6EF3A69ECE}.Debug|Any CPU.Build.0 = Debug|Any CPU
		{2656EA81-53BD-4D1A-93FD-9A6EF3A69ECE}.Release|Any CPU.ActiveCfg = Release|Any CPU
		{2656EA81-53BD-4D1A-93FD-9A6EF3A69ECE}.Release|Any CPU.Build.0 = Release|Any CPU
	EndGlobalSection
	GlobalSection(SolutionProperties) = preSolution
		HideSolutionNode = FALSE
	EndGlobalSection
	GlobalSection(ExtensibilityGlobals) = postSolution
		SolutionGuid = {B06F2554-69D6-4629-B4F6-C7A057B78C43}
	EndGlobalSection
EndGlobal
