
Microsoft Visual Studio Solution File, Format Version 12.00
# Visual Studio Version 16
VisualStudioVersion = 16.0.30611.23
MinimumVisualStudioVersion = 10.0.40219.1
Project("{FAE04EC0-301F-11D3-BF4B-00C04F79EFBC}") = "BlobStorageExample", "BlobStorageExample\BlobStorageExample.csproj", "{06A40722-8807-4906-96C0-7E657FCB8A61}"
EndProject
Global
	GlobalSection(SolutionConfigurationPlatforms) = preSolution
		Debug|Any CPU = Debug|Any CPU
		Release|Any CPU = Release|Any CPU
	EndGlobalSection
	GlobalSection(ProjectConfigurationPlatforms) = postSolution
		{06A40722-8807-4906-96C0-7E657FCB8A61}.Debug|Any CPU.ActiveCfg = Debug|Any CPU
		{06A40722-8807-4906-96C0-7E657FCB8A61}.Debug|Any CPU.Build.0 = Debug|Any CPU
		{06A40722-8807-4906-96C0-7E657FCB8A61}.Release|Any CPU.ActiveCfg = Release|Any CPU
		{06A40722-8807-4906-96C0-7E657FCB8A61}.Release|Any CPU.Build.0 = Release|Any CPU
	EndGlobalSection
	GlobalSection(SolutionProperties) = preSolution
		HideSolutionNode = FALSE
	EndGlobalSection
	GlobalSection(ExtensibilityGlobals) = postSolution
		SolutionGuid = {F1D93A5D-AC71-4B18-8B96-288CDE8197F3}
	EndGlobalSection
EndGlobal
