
Microsoft Visual Studio Solution File, Format Version 12.00
# Visual Studio Version 16
VisualStudioVersion = 16.0.29806.167
MinimumVisualStudioVersion = 10.0.40219.1
Project("{9A19103F-16F7-4668-BE54-9A1E7A4F7556}") = "Bai1", "Bai1\Bai1.csproj", "{573BE2C7-E8C0-4F35-A104-B41D711037F9}"
EndProject
Project("{FAE04EC0-301F-11D3-BF4B-00C04F79EFBC}") = "Bai2", "Bai2\Bai2.csproj", "{98EBF976-EBA5-4F2D-AD3E-392873327BCB}"
EndProject
Global
	GlobalSection(SolutionConfigurationPlatforms) = preSolution
		Debug|Any CPU = Debug|Any CPU
		Release|Any CPU = Release|Any CPU
	EndGlobalSection
	GlobalSection(ProjectConfigurationPlatforms) = postSolution
		{573BE2C7-E8C0-4F35-A104-B41D711037F9}.Debug|Any CPU.ActiveCfg = Debug|Any CPU
		{573BE2C7-E8C0-4F35-A104-B41D711037F9}.Debug|Any CPU.Build.0 = Debug|Any CPU
		{573BE2C7-E8C0-4F35-A104-B41D711037F9}.Release|Any CPU.ActiveCfg = Release|Any CPU
		{573BE2C7-E8C0-4F35-A104-B41D711037F9}.Release|Any CPU.Build.0 = Release|Any CPU
		{98EBF976-EBA5-4F2D-AD3E-392873327BCB}.Debug|Any CPU.ActiveCfg = Debug|Any CPU
		{98EBF976-EBA5-4F2D-AD3E-392873327BCB}.Debug|Any CPU.Build.0 = Debug|Any CPU
		{98EBF976-EBA5-4F2D-AD3E-392873327BCB}.Release|Any CPU.ActiveCfg = Release|Any CPU
		{98EBF976-EBA5-4F2D-AD3E-392873327BCB}.Release|Any CPU.Build.0 = Release|Any CPU
	EndGlobalSection
	GlobalSection(SolutionProperties) = preSolution
		HideSolutionNode = FALSE
	EndGlobalSection
	GlobalSection(ExtensibilityGlobals) = postSolution
		SolutionGuid = {951864E3-12C9-4DFE-9988-15473D8A2171}
	EndGlobalSection
EndGlobal
