
Microsoft Visual Studio Solution File, Format Version 12.00
# Visual Studio Version 16
VisualStudioVersion = 16.0.30611.23
MinimumVisualStudioVersion = 10.0.40219.1
Project("{FAE04EC0-301F-11D3-BF4B-00C04F79EFBC}") = "ContosoUniversityApp", "ContosoUniversityApp\ContosoUniversityApp.csproj", "{C7F880F9-F623-49F5-B6A4-67EB0AE497F3}"
EndProject
Global
	GlobalSection(SolutionConfigurationPlatforms) = preSolution
		Debug|Any CPU = Debug|Any CPU
		Release|Any CPU = Release|Any CPU
	EndGlobalSection
	GlobalSection(ProjectConfigurationPlatforms) = postSolution
		{C7F880F9-F623-49F5-B6A4-67EB0AE497F3}.Debug|Any CPU.ActiveCfg = Debug|Any CPU
		{C7F880F9-F623-49F5-B6A4-67EB0AE497F3}.Debug|Any CPU.Build.0 = Debug|Any CPU
		{C7F880F9-F623-49F5-B6A4-67EB0AE497F3}.Release|Any CPU.ActiveCfg = Release|Any CPU
		{C7F880F9-F623-49F5-B6A4-67EB0AE497F3}.Release|Any CPU.Build.0 = Release|Any CPU
	EndGlobalSection
	GlobalSection(SolutionProperties) = preSolution
		HideSolutionNode = FALSE
	EndGlobalSection
	GlobalSection(ExtensibilityGlobals) = postSolution
		SolutionGuid = {44C4C1E4-F653-48B6-B028-189395C017B1}
	EndGlobalSection
EndGlobal
