
Microsoft Visual Studio Solution File, Format Version 12.00
# Visual Studio Version 16
VisualStudioVersion = 16.0.29123.88
MinimumVisualStudioVersion = 10.0.40219.1
Project("{FAE04EC0-301F-11D3-BF4B-00C04F79EFBC}") = "Exercise2", "Exercise2\Exercise2.csproj", "{6649B88F-1B58-4454-B483-ED6F96E43B8A}"
EndProject
Global
	GlobalSection(SolutionConfigurationPlatforms) = preSolution
		Debug|Any CPU = Debug|Any CPU
		Release|Any CPU = Release|Any CPU
	EndGlobalSection
	GlobalSection(ProjectConfigurationPlatforms) = postSolution
		{6649B88F-1B58-4454-B483-ED6F96E43B8A}.Debug|Any CPU.ActiveCfg = Debug|Any CPU
		{6649B88F-1B58-4454-B483-ED6F96E43B8A}.Debug|Any CPU.Build.0 = Debug|Any CPU
		{6649B88F-1B58-4454-B483-ED6F96E43B8A}.Release|Any CPU.ActiveCfg = Release|Any CPU
		{6649B88F-1B58-4454-B483-ED6F96E43B8A}.Release|Any CPU.Build.0 = Release|Any CPU
	EndGlobalSection
	GlobalSection(SolutionProperties) = preSolution
		HideSolutionNode = FALSE
	EndGlobalSection
	GlobalSection(ExtensibilityGlobals) = postSolution
		SolutionGuid = {3379BCFC-39EB-482A-9586-E3BED2D2A628}
	EndGlobalSection
EndGlobal
