
Microsoft Visual Studio Solution File, Format Version 12.00
# Visual Studio Version 16
VisualStudioVersion = 16.0.30611.23
MinimumVisualStudioVersion = 10.0.40219.1
Project("{FAE04EC0-301F-11D3-BF4B-00C04F79EFBC}") = "DIContainerApp", "DIContainerApp\DIContainerApp.csproj", "{55C8A0FF-95F5-427A-A6CE-23C463B86021}"
EndProject
Global
	GlobalSection(SolutionConfigurationPlatforms) = preSolution
		Debug|Any CPU = Debug|Any CPU
		Release|Any CPU = Release|Any CPU
	EndGlobalSection
	GlobalSection(ProjectConfigurationPlatforms) = postSolution
		{55C8A0FF-95F5-427A-A6CE-23C463B86021}.Debug|Any CPU.ActiveCfg = Debug|Any CPU
		{55C8A0FF-95F5-427A-A6CE-23C463B86021}.Debug|Any CPU.Build.0 = Debug|Any CPU
		{55C8A0FF-95F5-427A-A6CE-23C463B86021}.Release|Any CPU.ActiveCfg = Release|Any CPU
		{55C8A0FF-95F5-427A-A6CE-23C463B86021}.Release|Any CPU.Build.0 = Release|Any CPU
	EndGlobalSection
	GlobalSection(SolutionProperties) = preSolution
		HideSolutionNode = FALSE
	EndGlobalSection
	GlobalSection(ExtensibilityGlobals) = postSolution
		SolutionGuid = {61801AC3-F2D1-4360-8C66-F7B01FBF7CF9}
	EndGlobalSection
EndGlobal
