
Microsoft Visual Studio Solution File, Format Version 12.00
# Visual Studio Version 16
VisualStudioVersion = 16.0.30611.23
MinimumVisualStudioVersion = 10.0.40219.1
Project("{FAE04EC0-301F-11D3-BF4B-00C04F79EFBC}") = "EmailWebApp", "EmailWebApp\EmailWebApp.csproj", "{1ED26192-9324-459B-A15E-206FC9691399}"
EndProject
Global
	GlobalSection(SolutionConfigurationPlatforms) = preSolution
		Debug|Any CPU = Debug|Any CPU
		Release|Any CPU = Release|Any CPU
	EndGlobalSection
	GlobalSection(ProjectConfigurationPlatforms) = postSolution
		{1ED26192-9324-459B-A15E-206FC9691399}.Debug|Any CPU.ActiveCfg = Debug|Any CPU
		{1ED26192-9324-459B-A15E-206FC9691399}.Debug|Any CPU.Build.0 = Debug|Any CPU
		{1ED26192-9324-459B-A15E-206FC9691399}.Release|Any CPU.ActiveCfg = Release|Any CPU
		{1ED26192-9324-459B-A15E-206FC9691399}.Release|Any CPU.Build.0 = Release|Any CPU
	EndGlobalSection
	GlobalSection(SolutionProperties) = preSolution
		HideSolutionNode = FALSE
	EndGlobalSection
	GlobalSection(ExtensibilityGlobals) = postSolution
		SolutionGuid = {11BBB29D-6636-4ED2-A8A4-F11F02C5591A}
	EndGlobalSection
EndGlobal
