
Microsoft Visual Studio Solution File, Format Version 12.00
# Visual Studio Version 16
VisualStudioVersion = 16.0.30330.147
MinimumVisualStudioVersion = 10.0.40219.1
Project("{FAE04EC0-301F-11D3-BF4B-00C04F79EFBC}") = "QuanLyGiaoVien", "QuanLyGiaoVien\QuanLyGiaoVien.csproj", "{86B64591-EAB3-49D8-AF69-CFC1ABB20C17}"
EndProject
Global
	GlobalSection(SolutionConfigurationPlatforms) = preSolution
		Debug|Any CPU = Debug|Any CPU
		Release|Any CPU = Release|Any CPU
	EndGlobalSection
	GlobalSection(ProjectConfigurationPlatforms) = postSolution
		{86B64591-EAB3-49D8-AF69-CFC1ABB20C17}.Debug|Any CPU.ActiveCfg = Debug|Any CPU
		{86B64591-EAB3-49D8-AF69-CFC1ABB20C17}.Debug|Any CPU.Build.0 = Debug|Any CPU
		{86B64591-EAB3-49D8-AF69-CFC1ABB20C17}.Release|Any CPU.ActiveCfg = Release|Any CPU
		{86B64591-EAB3-49D8-AF69-CFC1ABB20C17}.Release|Any CPU.Build.0 = Release|Any CPU
	EndGlobalSection
	GlobalSection(SolutionProperties) = preSolution
		HideSolutionNode = FALSE
	EndGlobalSection
	GlobalSection(ExtensibilityGlobals) = postSolution
		SolutionGuid = {8FA7293C-42E5-46E4-8CDC-829138092F25}
	EndGlobalSection
EndGlobal
